// !$*UTF8*$!
{
	archiveVersion = 1;
	classes = {
	};
	objectVersion = 50;
	objects = {

/* Begin PBXBuildFile section */
		C3416306219215C20021CDF5 /* SeriesTableViewCell.swift in Sources */ = {isa = PBXBuildFile; fileRef = C3416305219215C20021CDF5 /* SeriesTableViewCell.swift */; };
		C3416309219243550021CDF5 /* custom-in_the_zone.ttf in Resources */ = {isa = PBXBuildFile; fileRef = C341630B219243550021CDF5 /* custom-in_the_zone.ttf */; };
		C341630F219244EF0021CDF5 /* PlayerCollectionViewCell.swift in Sources */ = {isa = PBXBuildFile; fileRef = C341630E219244EF0021CDF5 /* PlayerCollectionViewCell.swift */; };
		C3494FFB218BC0670019887E /* PlayerDetailViewController.swift in Sources */ = {isa = PBXBuildFile; fileRef = C3494FFA218BC0670019887E /* PlayerDetailViewController.swift */; };
		C3495000218CA8D60019887E /* HomeCollectionTableViewController.swift in Sources */ = {isa = PBXBuildFile; fileRef = C3494FFF218CA8D60019887E /* HomeCollectionTableViewController.swift */; };
		C3495002218CACCB0019887E /* HomeCollectionViewCell.swift in Sources */ = {isa = PBXBuildFile; fileRef = C3495001218CACCB0019887E /* HomeCollectionViewCell.swift */; };
		C357F581218A1990006F9BCC /* SourceOfTruth.swift in Sources */ = {isa = PBXBuildFile; fileRef = C357F580218A1990006F9BCC /* SourceOfTruth.swift */; };
		C357F585218A23B9006F9BCC /* LeagueTableViewController.swift in Sources */ = {isa = PBXBuildFile; fileRef = C357F584218A23B9006F9BCC /* LeagueTableViewController.swift */; };
		C357F587218A23CC006F9BCC /* SerieTableViewController.swift in Sources */ = {isa = PBXBuildFile; fileRef = C357F586218A23CC006F9BCC /* SerieTableViewController.swift */; };
		C357F589218A23D6006F9BCC /* TournamentTableViewController.swift in Sources */ = {isa = PBXBuildFile; fileRef = C357F588218A23D6006F9BCC /* TournamentTableViewController.swift */; };
		C357F58B218A23E4006F9BCC /* MatchTableViewController.swift in Sources */ = {isa = PBXBuildFile; fileRef = C357F58A218A23E4006F9BCC /* MatchTableViewController.swift */; };
		C357F58D218A23EE006F9BCC /* PlayerTableViewController.swift in Sources */ = {isa = PBXBuildFile; fileRef = C357F58C218A23EE006F9BCC /* PlayerTableViewController.swift */; };
		C357F58F218A23F7006F9BCC /* TeamTableViewController.swift in Sources */ = {isa = PBXBuildFile; fileRef = C357F58E218A23F7006F9BCC /* TeamTableViewController.swift */; };
		C357F59A218A3A49006F9BCC /* DiscoverTableViewCell.swift in Sources */ = {isa = PBXBuildFile; fileRef = C357F599218A3A49006F9BCC /* DiscoverTableViewCell.swift */; };
		C357F59C218A3E22006F9BCC /* DiscoverVideoGameTableViewCell.swift in Sources */ = {isa = PBXBuildFile; fileRef = C357F59B218A3E22006F9BCC /* DiscoverVideoGameTableViewCell.swift */; };
		C357F59E218A59F7006F9BCC /* NetworkClient.swift in Sources */ = {isa = PBXBuildFile; fileRef = C357F59D218A59F7006F9BCC /* NetworkClient.swift */; };
		C37141BC2194EE180016E586 /* NewsArticle.swift in Sources */ = {isa = PBXBuildFile; fileRef = C37141BB2194EE180016E586 /* NewsArticle.swift */; };
		C37141E82199E6BB0016E586 /* NewsArticleTableViewCell.swift in Sources */ = {isa = PBXBuildFile; fileRef = C37141E72199E6BB0016E586 /* NewsArticleTableViewCell.swift */; };
		C37493002188D64000D07373 /* AppDelegate.swift in Sources */ = {isa = PBXBuildFile; fileRef = C37492FF2188D64000D07373 /* AppDelegate.swift */; };
		C37493072188D64100D07373 /* Assets.xcassets in Resources */ = {isa = PBXBuildFile; fileRef = C37493062188D64100D07373 /* Assets.xcassets */; };
		C374930A2188D64100D07373 /* LaunchScreen.storyboard in Resources */ = {isa = PBXBuildFile; fileRef = C37493082188D64100D07373 /* LaunchScreen.storyboard */; };
		C374931D2188DAAD00D07373 /* Main.storyboard in Resources */ = {isa = PBXBuildFile; fileRef = C374931C2188DAAD00D07373 /* Main.storyboard */; };
		C374931F2188DBFC00D07373 /* Home.storyboard in Resources */ = {isa = PBXBuildFile; fileRef = C374931E2188DBFC00D07373 /* Home.storyboard */; };
		C37493232188DC9F00D07373 /* Stats.storyboard in Resources */ = {isa = PBXBuildFile; fileRef = C37493222188DC9F00D07373 /* Stats.storyboard */; };
		C37493252188DCBE00D07373 /* Discover.storyboard in Resources */ = {isa = PBXBuildFile; fileRef = C37493242188DCBE00D07373 /* Discover.storyboard */; };
		C374932A2188E51700D07373 /* Attribution Text.swift in Sources */ = {isa = PBXBuildFile; fileRef = C37493292188E51700D07373 /* Attribution Text.swift */; };
		C374932E2188ED2000D07373 /* EscoreTabBarController.swift in Sources */ = {isa = PBXBuildFile; fileRef = C374932D2188ED2000D07373 /* EscoreTabBarController.swift */; };
		C37493302188FB1C00D07373 /* VideoGameTableViewController.swift in Sources */ = {isa = PBXBuildFile; fileRef = C374932F2188FB1C00D07373 /* VideoGameTableViewController.swift */; };
		C3749334218909F200D07373 /* VideoGame.swift in Sources */ = {isa = PBXBuildFile; fileRef = C3749333218909F200D07373 /* VideoGame.swift */; };
		C374933621890A9D00D07373 /* League.swift in Sources */ = {isa = PBXBuildFile; fileRef = C374933521890A9D00D07373 /* League.swift */; };
		C374933821890BA100D07373 /* Series.swift in Sources */ = {isa = PBXBuildFile; fileRef = C374933721890BA100D07373 /* Series.swift */; };
		C374933A21890F6300D07373 /* Tournament.swift in Sources */ = {isa = PBXBuildFile; fileRef = C374933921890F6300D07373 /* Tournament.swift */; };
		C374933C218911FF00D07373 /* Match.swift in Sources */ = {isa = PBXBuildFile; fileRef = C374933B218911FF00D07373 /* Match.swift */; };
		C374933E2189175300D07373 /* Result.swift in Sources */ = {isa = PBXBuildFile; fileRef = C374933D2189175300D07373 /* Result.swift */; };
		C37493422189177D00D07373 /* Winner.swift in Sources */ = {isa = PBXBuildFile; fileRef = C37493412189177D00D07373 /* Winner.swift */; };
		C37493442189179000D07373 /* Live.swift in Sources */ = {isa = PBXBuildFile; fileRef = C37493432189179000D07373 /* Live.swift */; };
		C3749346218917A100D07373 /* Game.swift in Sources */ = {isa = PBXBuildFile; fileRef = C3749345218917A100D07373 /* Game.swift */; };
		C37493482189182800D07373 /* Team.swift in Sources */ = {isa = PBXBuildFile; fileRef = C37493472189182800D07373 /* Team.swift */; };
		C374934A218919AE00D07373 /* Player.swift in Sources */ = {isa = PBXBuildFile; fileRef = C3749349218919AE00D07373 /* Player.swift */; };
		C39A1AE8218CC61E00F42CEF /* Search.storyboard in Resources */ = {isa = PBXBuildFile; fileRef = C39A1AE7218CC61E00F42CEF /* Search.storyboard */; };
		C3A58A85219358C800D1C75D /* LiveMatchCollectionViewCell.swift in Sources */ = {isa = PBXBuildFile; fileRef = C3A58A84219358C800D1C75D /* LiveMatchCollectionViewCell.swift */; };
		C3A62FCB218CDAA9004B4B80 /* SearchTableViewController.swift in Sources */ = {isa = PBXBuildFile; fileRef = C3A62FCA218CDAA9004B4B80 /* SearchTableViewController.swift */; };
		C3F123E42190D36D009DE4FD /* MatchTableViewCell.swift in Sources */ = {isa = PBXBuildFile; fileRef = C3F123E32190D36D009DE4FD /* MatchTableViewCell.swift */; };
		C3F123E62190F25A009DE4FD /* SeriesTournamentTableViewController.swift in Sources */ = {isa = PBXBuildFile; fileRef = C3F123E52190F259009DE4FD /* SeriesTournamentTableViewController.swift */; };
		C3F123E82190F27F009DE4FD /* TournamentMatchesTableViewController.swift in Sources */ = {isa = PBXBuildFile; fileRef = C3F123E72190F27F009DE4FD /* TournamentMatchesTableViewController.swift */; };
		C3F123EA2190F294009DE4FD /* TeamPlayerViewController.swift in Sources */ = {isa = PBXBuildFile; fileRef = C3F123E92190F294009DE4FD /* TeamPlayerViewController.swift */; };
		C3F123ED2190F48D009DE4FD /* TournamentCollectionViewCell.swift in Sources */ = {isa = PBXBuildFile; fileRef = C3F123EC2190F48D009DE4FD /* TournamentCollectionViewCell.swift */; };
/* End PBXBuildFile section */

/* Begin PBXFileReference section */
		C3416305219215C20021CDF5 /* SeriesTableViewCell.swift */ = {isa = PBXFileReference; lastKnownFileType = sourcecode.swift; path = SeriesTableViewCell.swift; sourceTree = "<group>"; };
		C341630A219243550021CDF5 /* Base */ = {isa = PBXFileReference; lastKnownFileType = file; name = Base; path = "Base.lproj/custom-in_the_zone.ttf"; sourceTree = "<group>"; };
		C341630E219244EF0021CDF5 /* PlayerCollectionViewCell.swift */ = {isa = PBXFileReference; lastKnownFileType = sourcecode.swift; path = PlayerCollectionViewCell.swift; sourceTree = "<group>"; };
		C3494FFA218BC0670019887E /* PlayerDetailViewController.swift */ = {isa = PBXFileReference; lastKnownFileType = sourcecode.swift; path = PlayerDetailViewController.swift; sourceTree = "<group>"; };
		C3494FFF218CA8D60019887E /* HomeCollectionTableViewController.swift */ = {isa = PBXFileReference; lastKnownFileType = sourcecode.swift; path = HomeCollectionTableViewController.swift; sourceTree = "<group>"; };
		C3495001218CACCB0019887E /* HomeCollectionViewCell.swift */ = {isa = PBXFileReference; lastKnownFileType = sourcecode.swift; path = HomeCollectionViewCell.swift; sourceTree = "<group>"; };
		C357F580218A1990006F9BCC /* SourceOfTruth.swift */ = {isa = PBXFileReference; lastKnownFileType = sourcecode.swift; path = SourceOfTruth.swift; sourceTree = "<group>"; };
		C357F584218A23B9006F9BCC /* LeagueTableViewController.swift */ = {isa = PBXFileReference; lastKnownFileType = sourcecode.swift; path = LeagueTableViewController.swift; sourceTree = "<group>"; };
		C357F586218A23CC006F9BCC /* SerieTableViewController.swift */ = {isa = PBXFileReference; lastKnownFileType = sourcecode.swift; path = SerieTableViewController.swift; sourceTree = "<group>"; };
		C357F588218A23D6006F9BCC /* TournamentTableViewController.swift */ = {isa = PBXFileReference; lastKnownFileType = sourcecode.swift; path = TournamentTableViewController.swift; sourceTree = "<group>"; };
		C357F58A218A23E4006F9BCC /* MatchTableViewController.swift */ = {isa = PBXFileReference; lastKnownFileType = sourcecode.swift; path = MatchTableViewController.swift; sourceTree = "<group>"; };
		C357F58C218A23EE006F9BCC /* PlayerTableViewController.swift */ = {isa = PBXFileReference; lastKnownFileType = sourcecode.swift; path = PlayerTableViewController.swift; sourceTree = "<group>"; };
		C357F58E218A23F7006F9BCC /* TeamTableViewController.swift */ = {isa = PBXFileReference; lastKnownFileType = sourcecode.swift; path = TeamTableViewController.swift; sourceTree = "<group>"; };
		C357F599218A3A49006F9BCC /* DiscoverTableViewCell.swift */ = {isa = PBXFileReference; lastKnownFileType = sourcecode.swift; path = DiscoverTableViewCell.swift; sourceTree = "<group>"; };
		C357F59B218A3E22006F9BCC /* DiscoverVideoGameTableViewCell.swift */ = {isa = PBXFileReference; lastKnownFileType = sourcecode.swift; path = DiscoverVideoGameTableViewCell.swift; sourceTree = "<group>"; };
		C357F59D218A59F7006F9BCC /* NetworkClient.swift */ = {isa = PBXFileReference; lastKnownFileType = sourcecode.swift; path = NetworkClient.swift; sourceTree = "<group>"; };
		C37141BB2194EE180016E586 /* NewsArticle.swift */ = {isa = PBXFileReference; lastKnownFileType = sourcecode.swift; path = NewsArticle.swift; sourceTree = "<group>"; };
		C37141E72199E6BB0016E586 /* NewsArticleTableViewCell.swift */ = {isa = PBXFileReference; lastKnownFileType = sourcecode.swift; path = NewsArticleTableViewCell.swift; sourceTree = "<group>"; };
		C37492FC2188D64000D07373 /* Escores.app */ = {isa = PBXFileReference; explicitFileType = wrapper.application; includeInIndex = 0; path = Escores.app; sourceTree = BUILT_PRODUCTS_DIR; };
		C37492FF2188D64000D07373 /* AppDelegate.swift */ = {isa = PBXFileReference; lastKnownFileType = sourcecode.swift; path = AppDelegate.swift; sourceTree = "<group>"; };
		C37493062188D64100D07373 /* Assets.xcassets */ = {isa = PBXFileReference; lastKnownFileType = folder.assetcatalog; path = Assets.xcassets; sourceTree = "<group>"; };
		C37493092188D64100D07373 /* Base */ = {isa = PBXFileReference; lastKnownFileType = file.storyboard; name = Base; path = Base.lproj/LaunchScreen.storyboard; sourceTree = "<group>"; };
		C374930B2188D64100D07373 /* Info.plist */ = {isa = PBXFileReference; lastKnownFileType = text.plist.xml; path = Info.plist; sourceTree = "<group>"; };
		C374931C2188DAAD00D07373 /* Main.storyboard */ = {isa = PBXFileReference; lastKnownFileType = file.storyboard; path = Main.storyboard; sourceTree = "<group>"; };
		C374931E2188DBFC00D07373 /* Home.storyboard */ = {isa = PBXFileReference; lastKnownFileType = file.storyboard; path = Home.storyboard; sourceTree = "<group>"; };
		C37493222188DC9F00D07373 /* Stats.storyboard */ = {isa = PBXFileReference; lastKnownFileType = file.storyboard; path = Stats.storyboard; sourceTree = "<group>"; };
		C37493242188DCBE00D07373 /* Discover.storyboard */ = {isa = PBXFileReference; lastKnownFileType = file.storyboard; path = Discover.storyboard; sourceTree = "<group>"; };
		C37493292188E51700D07373 /* Attribution Text.swift */ = {isa = PBXFileReference; lastKnownFileType = sourcecode.swift; path = "Attribution Text.swift"; sourceTree = "<group>"; };
		C374932D2188ED2000D07373 /* EscoreTabBarController.swift */ = {isa = PBXFileReference; lastKnownFileType = sourcecode.swift; path = EscoreTabBarController.swift; sourceTree = "<group>"; };
		C374932F2188FB1C00D07373 /* VideoGameTableViewController.swift */ = {isa = PBXFileReference; lastKnownFileType = sourcecode.swift; path = VideoGameTableViewController.swift; sourceTree = "<group>"; };
		C3749333218909F200D07373 /* VideoGame.swift */ = {isa = PBXFileReference; lastKnownFileType = sourcecode.swift; path = VideoGame.swift; sourceTree = "<group>"; };
		C374933521890A9D00D07373 /* League.swift */ = {isa = PBXFileReference; lastKnownFileType = sourcecode.swift; path = League.swift; sourceTree = "<group>"; };
		C374933721890BA100D07373 /* Series.swift */ = {isa = PBXFileReference; lastKnownFileType = sourcecode.swift; path = Series.swift; sourceTree = "<group>"; };
		C374933921890F6300D07373 /* Tournament.swift */ = {isa = PBXFileReference; lastKnownFileType = sourcecode.swift; path = Tournament.swift; sourceTree = "<group>"; };
		C374933B218911FF00D07373 /* Match.swift */ = {isa = PBXFileReference; lastKnownFileType = sourcecode.swift; path = Match.swift; sourceTree = "<group>"; };
		C374933D2189175300D07373 /* Result.swift */ = {isa = PBXFileReference; lastKnownFileType = sourcecode.swift; path = Result.swift; sourceTree = "<group>"; };
		C37493412189177D00D07373 /* Winner.swift */ = {isa = PBXFileReference; lastKnownFileType = sourcecode.swift; path = Winner.swift; sourceTree = "<group>"; };
		C37493432189179000D07373 /* Live.swift */ = {isa = PBXFileReference; lastKnownFileType = sourcecode.swift; path = Live.swift; sourceTree = "<group>"; };
		C3749345218917A100D07373 /* Game.swift */ = {isa = PBXFileReference; lastKnownFileType = sourcecode.swift; path = Game.swift; sourceTree = "<group>"; };
		C37493472189182800D07373 /* Team.swift */ = {isa = PBXFileReference; lastKnownFileType = sourcecode.swift; path = Team.swift; sourceTree = "<group>"; };
		C3749349218919AE00D07373 /* Player.swift */ = {isa = PBXFileReference; lastKnownFileType = sourcecode.swift; path = Player.swift; sourceTree = "<group>"; };
		C39A1AE7218CC61E00F42CEF /* Search.storyboard */ = {isa = PBXFileReference; lastKnownFileType = file.storyboard; path = Search.storyboard; sourceTree = "<group>"; };
		C3A58A84219358C800D1C75D /* LiveMatchCollectionViewCell.swift */ = {isa = PBXFileReference; lastKnownFileType = sourcecode.swift; path = LiveMatchCollectionViewCell.swift; sourceTree = "<group>"; };
		C3A62FCA218CDAA9004B4B80 /* SearchTableViewController.swift */ = {isa = PBXFileReference; lastKnownFileType = sourcecode.swift; path = SearchTableViewController.swift; sourceTree = "<group>"; };
		C3F123E32190D36D009DE4FD /* MatchTableViewCell.swift */ = {isa = PBXFileReference; lastKnownFileType = sourcecode.swift; path = MatchTableViewCell.swift; sourceTree = "<group>"; };
		C3F123E52190F259009DE4FD /* SeriesTournamentTableViewController.swift */ = {isa = PBXFileReference; lastKnownFileType = sourcecode.swift; path = SeriesTournamentTableViewController.swift; sourceTree = "<group>"; };
		C3F123E72190F27F009DE4FD /* TournamentMatchesTableViewController.swift */ = {isa = PBXFileReference; lastKnownFileType = sourcecode.swift; path = TournamentMatchesTableViewController.swift; sourceTree = "<group>"; };
		C3F123E92190F294009DE4FD /* TeamPlayerViewController.swift */ = {isa = PBXFileReference; lastKnownFileType = sourcecode.swift; path = TeamPlayerViewController.swift; sourceTree = "<group>"; };
		C3F123EC2190F48D009DE4FD /* TournamentCollectionViewCell.swift */ = {isa = PBXFileReference; lastKnownFileType = sourcecode.swift; path = TournamentCollectionViewCell.swift; sourceTree = "<group>"; };
/* End PBXFileReference section */

/* Begin PBXFrameworksBuildPhase section */
		C37492F92188D64000D07373 /* Frameworks */ = {
			isa = PBXFrameworksBuildPhase;
			buildActionMask = 2147483647;
			files = (
			);
			runOnlyForDeploymentPostprocessing = 0;
		};
/* End PBXFrameworksBuildPhase section */

/* Begin PBXGroup section */
		C3494FFC218CA8AE0019887E /* HomeControllers */ = {
			isa = PBXGroup;
			children = (
				C3494FFF218CA8D60019887E /* HomeCollectionTableViewController.swift */,
			);
			path = HomeControllers;
			sourceTree = "<group>";
		};
		C357F590218A2405006F9BCC /* DiscoverControllers */ = {
			isa = PBXGroup;
			children = (
				C374932F2188FB1C00D07373 /* VideoGameTableViewController.swift */,
				C357F584218A23B9006F9BCC /* LeagueTableViewController.swift */,
				C3F123E52190F259009DE4FD /* SeriesTournamentTableViewController.swift */,
				C3F123E72190F27F009DE4FD /* TournamentMatchesTableViewController.swift */,
				C3F123E92190F294009DE4FD /* TeamPlayerViewController.swift */,
				C3F123EB2190F299009DE4FD /* OldControllers */,
			);
			path = DiscoverControllers;
			sourceTree = "<group>";
		};
		C37492F32188D64000D07373 = {
			isa = PBXGroup;
			children = (
				C37492FE2188D64000D07373 /* Escores */,
				C37492FD2188D64000D07373 /* Products */,
			);
			sourceTree = "<group>";
		};
		C37492FD2188D64000D07373 /* Products */ = {
			isa = PBXGroup;
			children = (
				C37492FC2188D64000D07373 /* Escores.app */,
			);
			name = Products;
			sourceTree = "<group>";
		};
		C37492FE2188D64000D07373 /* Escores */ = {
			isa = PBXGroup;
			children = (
				C374931A2188D9B400D07373 /* View Controller */,
				C37493192188D9B300D07373 /* View */,
				C37493182188D9B200D07373 /* Model Controller */,
				C37493172188D9B000D07373 /* Model */,
				C37493162188D9A400D07373 /* StoryBoards */,
				C37493152188D98300D07373 /* Resources */,
			);
			path = Escores;
			sourceTree = "<group>";
		};
		C37493112188D97600D07373 /* Discover */ = {
			isa = PBXGroup;
			children = (
				C37493242188DCBE00D07373 /* Discover.storyboard */,
			);
			path = Discover;
			sourceTree = "<group>";
		};
		C37493122188D97900D07373 /* Stats */ = {
			isa = PBXGroup;
			children = (
				C37493222188DC9F00D07373 /* Stats.storyboard */,
			);
			path = Stats;
			sourceTree = "<group>";
		};
		C37493142188D97C00D07373 /* Home */ = {
			isa = PBXGroup;
			children = (
				C374931E2188DBFC00D07373 /* Home.storyboard */,
			);
			path = Home;
			sourceTree = "<group>";
		};
		C37493152188D98300D07373 /* Resources */ = {
			isa = PBXGroup;
			children = (
				C37492FF2188D64000D07373 /* AppDelegate.swift */,
				C37493062188D64100D07373 /* Assets.xcassets */,
				C341630B219243550021CDF5 /* custom-in_the_zone.ttf */,
				C37493082188D64100D07373 /* LaunchScreen.storyboard */,
				C37493292188E51700D07373 /* Attribution Text.swift */,
				C374930B2188D64100D07373 /* Info.plist */,
			);
			path = Resources;
			sourceTree = "<group>";
		};
		C37493162188D9A400D07373 /* StoryBoards */ = {
			isa = PBXGroup;
			children = (
				C37493142188D97C00D07373 /* Home */,
				C374931B2188DA8800D07373 /* Main */,
				C39A1AE6218CC61100F42CEF /* Search */,
				C37493122188D97900D07373 /* Stats */,
				C37493112188D97600D07373 /* Discover */,
			);
			path = StoryBoards;
			sourceTree = "<group>";
		};
		C37493172188D9B000D07373 /* Model */ = {
			isa = PBXGroup;
			children = (
				C3749333218909F200D07373 /* VideoGame.swift */,
				C374933521890A9D00D07373 /* League.swift */,
				C374933721890BA100D07373 /* Series.swift */,
				C374933921890F6300D07373 /* Tournament.swift */,
				C374933B218911FF00D07373 /* Match.swift */,
				C3749345218917A100D07373 /* Game.swift */,
				C37493472189182800D07373 /* Team.swift */,
				C3749349218919AE00D07373 /* Player.swift */,
				C37493412189177D00D07373 /* Winner.swift */,
				C374933D2189175300D07373 /* Result.swift */,
				C37493432189179000D07373 /* Live.swift */,
				C37141BB2194EE180016E586 /* NewsArticle.swift */,
			);
			path = Model;
			sourceTree = "<group>";
		};
		C37493182188D9B200D07373 /* Model Controller */ = {
			isa = PBXGroup;
			children = (
				C357F580218A1990006F9BCC /* SourceOfTruth.swift */,
				C357F59D218A59F7006F9BCC /* NetworkClient.swift */,
			);
			path = "Model Controller";
			sourceTree = "<group>";
		};
		C37493192188D9B300D07373 /* View */ = {
			isa = PBXGroup;
			children = (
				C357F599218A3A49006F9BCC /* DiscoverTableViewCell.swift */,
				C357F59B218A3E22006F9BCC /* DiscoverVideoGameTableViewCell.swift */,
				C3495001218CACCB0019887E /* HomeCollectionViewCell.swift */,
				C3416305219215C20021CDF5 /* SeriesTableViewCell.swift */,
				C3F123EC2190F48D009DE4FD /* TournamentCollectionViewCell.swift */,
				C3F123E32190D36D009DE4FD /* MatchTableViewCell.swift */,
				C341630E219244EF0021CDF5 /* PlayerCollectionViewCell.swift */,
				C3A58A84219358C800D1C75D /* LiveMatchCollectionViewCell.swift */,
				C37141E72199E6BB0016E586 /* NewsArticleTableViewCell.swift */,
			);
			path = View;
			sourceTree = "<group>";
		};
		C374931A2188D9B400D07373 /* View Controller */ = {
			isa = PBXGroup;
			children = (
				C374932D2188ED2000D07373 /* EscoreTabBarController.swift */,
				C3494FFC218CA8AE0019887E /* HomeControllers */,
				C3A62FC9218CDA88004B4B80 /* SearchControllers */,
				C3A62FCC218CDE09004B4B80 /* StatsControllers */,
				C357F590218A2405006F9BCC /* DiscoverControllers */,
			);
			path = "View Controller";
			sourceTree = "<group>";
		};
		C374931B2188DA8800D07373 /* Main */ = {
			isa = PBXGroup;
			children = (
				C374931C2188DAAD00D07373 /* Main.storyboard */,
			);
			path = Main;
			sourceTree = "<group>";
		};
		C39A1AE6218CC61100F42CEF /* Search */ = {
			isa = PBXGroup;
			children = (
				C39A1AE7218CC61E00F42CEF /* Search.storyboard */,
			);
			path = Search;
			sourceTree = "<group>";
		};
		C3A62FC9218CDA88004B4B80 /* SearchControllers */ = {
			isa = PBXGroup;
			children = (
				C3A62FCA218CDAA9004B4B80 /* SearchTableViewController.swift */,
			);
			path = SearchControllers;
			sourceTree = "<group>";
		};
		C3A62FCC218CDE09004B4B80 /* StatsControllers */ = {
			isa = PBXGroup;
			children = (
			);
			path = StatsControllers;
			sourceTree = "<group>";
		};
		C3F123EB2190F299009DE4FD /* OldControllers */ = {
			isa = PBXGroup;
			children = (
				C357F586218A23CC006F9BCC /* SerieTableViewController.swift */,
				C357F588218A23D6006F9BCC /* TournamentTableViewController.swift */,
				C357F58A218A23E4006F9BCC /* MatchTableViewController.swift */,
				C357F58E218A23F7006F9BCC /* TeamTableViewController.swift */,
				C357F58C218A23EE006F9BCC /* PlayerTableViewController.swift */,
				C3494FFA218BC0670019887E /* PlayerDetailViewController.swift */,
			);
			path = OldControllers;
			sourceTree = "<group>";
		};
/* End PBXGroup section */

/* Begin PBXNativeTarget section */
		C37492FB2188D64000D07373 /* Escores */ = {
			isa = PBXNativeTarget;
			buildConfigurationList = C374930E2188D64100D07373 /* Build configuration list for PBXNativeTarget "Escores" */;
			buildPhases = (
				C37492F82188D64000D07373 /* Sources */,
				C37492F92188D64000D07373 /* Frameworks */,
				C37492FA2188D64000D07373 /* Resources */,
			);
			buildRules = (
			);
			dependencies = (
			);
			name = Escores;
			productName = Escores;
			productReference = C37492FC2188D64000D07373 /* Escores.app */;
			productType = "com.apple.product-type.application";
		};
/* End PBXNativeTarget section */

/* Begin PBXProject section */
		C37492F42188D64000D07373 /* Project object */ = {
			isa = PBXProject;
			attributes = {
				LastSwiftUpdateCheck = 1000;
				LastUpgradeCheck = 1000;
				ORGANIZATIONNAME = "Cody Adcock";
				TargetAttributes = {
					C37492FB2188D64000D07373 = {
						CreatedOnToolsVersion = 10.0;
					};
				};
			};
			buildConfigurationList = C37492F72188D64000D07373 /* Build configuration list for PBXProject "Escores" */;
			compatibilityVersion = "Xcode 9.3";
			developmentRegion = en;
			hasScannedForEncodings = 0;
			knownRegions = (
				en,
				Base,
			);
			mainGroup = C37492F32188D64000D07373;
			productRefGroup = C37492FD2188D64000D07373 /* Products */;
			projectDirPath = "";
			projectRoot = "";
			targets = (
				C37492FB2188D64000D07373 /* Escores */,
			);
		};
/* End PBXProject section */

/* Begin PBXResourcesBuildPhase section */
		C37492FA2188D64000D07373 /* Resources */ = {
			isa = PBXResourcesBuildPhase;
			buildActionMask = 2147483647;
			files = (
				C374931D2188DAAD00D07373 /* Main.storyboard in Resources */,
				C374930A2188D64100D07373 /* LaunchScreen.storyboard in Resources */,
				C37493072188D64100D07373 /* Assets.xcassets in Resources */,
				C374931F2188DBFC00D07373 /* Home.storyboard in Resources */,
				C39A1AE8218CC61E00F42CEF /* Search.storyboard in Resources */,
				C37493252188DCBE00D07373 /* Discover.storyboard in Resources */,
				C3416309219243550021CDF5 /* custom-in_the_zone.ttf in Resources */,
				C37493232188DC9F00D07373 /* Stats.storyboard in Resources */,
			);
			runOnlyForDeploymentPostprocessing = 0;
		};
/* End PBXResourcesBuildPhase section */

/* Begin PBXSourcesBuildPhase section */
		C37492F82188D64000D07373 /* Sources */ = {
			isa = PBXSourcesBuildPhase;
			buildActionMask = 2147483647;
			files = (
				C357F581218A1990006F9BCC /* SourceOfTruth.swift in Sources */,
				C3A58A85219358C800D1C75D /* LiveMatchCollectionViewCell.swift in Sources */,
				C357F59E218A59F7006F9BCC /* NetworkClient.swift in Sources */,
				C374932E2188ED2000D07373 /* EscoreTabBarController.swift in Sources */,
				C3749346218917A100D07373 /* Game.swift in Sources */,
				C374933621890A9D00D07373 /* League.swift in Sources */,
				C3F123E62190F25A009DE4FD /* SeriesTournamentTableViewController.swift in Sources */,
				C357F589218A23D6006F9BCC /* TournamentTableViewController.swift in Sources */,
				C37493422189177D00D07373 /* Winner.swift in Sources */,
				C3F123E42190D36D009DE4FD /* MatchTableViewCell.swift in Sources */,
				C3495002218CACCB0019887E /* HomeCollectionViewCell.swift in Sources */,
				C374933821890BA100D07373 /* Series.swift in Sources */,
				C357F585218A23B9006F9BCC /* LeagueTableViewController.swift in Sources */,
				C357F59A218A3A49006F9BCC /* DiscoverTableViewCell.swift in Sources */,
				C3495000218CA8D60019887E /* HomeCollectionTableViewController.swift in Sources */,
				C3494FFB218BC0670019887E /* PlayerDetailViewController.swift in Sources */,
				C374933A21890F6300D07373 /* Tournament.swift in Sources */,
				C37493002188D64000D07373 /* AppDelegate.swift in Sources */,
				C37493302188FB1C00D07373 /* VideoGameTableViewController.swift in Sources */,
				C357F58D218A23EE006F9BCC /* PlayerTableViewController.swift in Sources */,
				C374932A2188E51700D07373 /* Attribution Text.swift in Sources */,
				C37493442189179000D07373 /* Live.swift in Sources */,
				C3A62FCB218CDAA9004B4B80 /* SearchTableViewController.swift in Sources */,
				C357F58F218A23F7006F9BCC /* TeamTableViewController.swift in Sources */,
				C3F123ED2190F48D009DE4FD /* TournamentCollectionViewCell.swift in Sources */,
				C357F58B218A23E4006F9BCC /* MatchTableViewController.swift in Sources */,
				C3F123EA2190F294009DE4FD /* TeamPlayerViewController.swift in Sources */,
				C37141BC2194EE180016E586 /* NewsArticle.swift in Sources */,
				C37493482189182800D07373 /* Team.swift in Sources */,
				C357F59C218A3E22006F9BCC /* DiscoverVideoGameTableViewCell.swift in Sources */,
				C3749334218909F200D07373 /* VideoGame.swift in Sources */,
				C341630F219244EF0021CDF5 /* PlayerCollectionViewCell.swift in Sources */,
				C374933C218911FF00D07373 /* Match.swift in Sources */,
				C357F587218A23CC006F9BCC /* SerieTableViewController.swift in Sources */,
				C374934A218919AE00D07373 /* Player.swift in Sources */,
				C3416306219215C20021CDF5 /* SeriesTableViewCell.swift in Sources */,
				C3F123E82190F27F009DE4FD /* TournamentMatchesTableViewController.swift in Sources */,
				C37141E82199E6BB0016E586 /* NewsArticleTableViewCell.swift in Sources */,
				C374933E2189175300D07373 /* Result.swift in Sources */,
			);
			runOnlyForDeploymentPostprocessing = 0;
		};
/* End PBXSourcesBuildPhase section */

/* Begin PBXVariantGroup section */
		C341630B219243550021CDF5 /* custom-in_the_zone.ttf */ = {
			isa = PBXVariantGroup;
			children = (
				C341630A219243550021CDF5 /* Base */,
			);
			name = "custom-in_the_zone.ttf";
			sourceTree = "<group>";
		};
		C37493082188D64100D07373 /* LaunchScreen.storyboard */ = {
			isa = PBXVariantGroup;
			children = (
				C37493092188D64100D07373 /* Base */,
			);
			name = LaunchScreen.storyboard;
			sourceTree = "<group>";
		};
/* End PBXVariantGroup section */

/* Begin XCBuildConfiguration section */
		C374930C2188D64100D07373 /* Debug */ = {
			isa = XCBuildConfiguration;
			buildSettings = {
				ALWAYS_SEARCH_USER_PATHS = NO;
				CLANG_ANALYZER_NONNULL = YES;
				CLANG_ANALYZER_NUMBER_OBJECT_CONVERSION = YES_AGGRESSIVE;
				CLANG_CXX_LANGUAGE_STANDARD = "gnu++14";
				CLANG_CXX_LIBRARY = "libc++";
				CLANG_ENABLE_MODULES = YES;
				CLANG_ENABLE_OBJC_ARC = YES;
				CLANG_ENABLE_OBJC_WEAK = YES;
				CLANG_WARN_BLOCK_CAPTURE_AUTORELEASING = YES;
				CLANG_WARN_BOOL_CONVERSION = YES;
				CLANG_WARN_COMMA = YES;
				CLANG_WARN_CONSTANT_CONVERSION = YES;
				CLANG_WARN_DEPRECATED_OBJC_IMPLEMENTATIONS = YES;
				CLANG_WARN_DIRECT_OBJC_ISA_USAGE = YES_ERROR;
				CLANG_WARN_DOCUMENTATION_COMMENTS = YES;
				CLANG_WARN_EMPTY_BODY = YES;
				CLANG_WARN_ENUM_CONVERSION = YES;
				CLANG_WARN_INFINITE_RECURSION = YES;
				CLANG_WARN_INT_CONVERSION = YES;
				CLANG_WARN_NON_LITERAL_NULL_CONVERSION = YES;
				CLANG_WARN_OBJC_IMPLICIT_RETAIN_SELF = YES;
				CLANG_WARN_OBJC_LITERAL_CONVERSION = YES;
				CLANG_WARN_OBJC_ROOT_CLASS = YES_ERROR;
				CLANG_WARN_RANGE_LOOP_ANALYSIS = YES;
				CLANG_WARN_STRICT_PROTOTYPES = YES;
				CLANG_WARN_SUSPICIOUS_MOVE = YES;
				CLANG_WARN_UNGUARDED_AVAILABILITY = YES_AGGRESSIVE;
				CLANG_WARN_UNREACHABLE_CODE = YES;
				CLANG_WARN__DUPLICATE_METHOD_MATCH = YES;
				CODE_SIGN_IDENTITY = "iPhone Developer";
				COPY_PHASE_STRIP = NO;
				DEBUG_INFORMATION_FORMAT = dwarf;
				ENABLE_STRICT_OBJC_MSGSEND = YES;
				ENABLE_TESTABILITY = YES;
				GCC_C_LANGUAGE_STANDARD = gnu11;
				GCC_DYNAMIC_NO_PIC = NO;
				GCC_NO_COMMON_BLOCKS = YES;
				GCC_OPTIMIZATION_LEVEL = 0;
				GCC_PREPROCESSOR_DEFINITIONS = (
					"DEBUG=1",
					"$(inherited)",
				);
				GCC_WARN_64_TO_32_BIT_CONVERSION = YES;
				GCC_WARN_ABOUT_RETURN_TYPE = YES_ERROR;
				GCC_WARN_UNDECLARED_SELECTOR = YES;
				GCC_WARN_UNINITIALIZED_AUTOS = YES_AGGRESSIVE;
				GCC_WARN_UNUSED_FUNCTION = YES;
				GCC_WARN_UNUSED_VARIABLE = YES;
				IPHONEOS_DEPLOYMENT_TARGET = 12.0;
				MTL_ENABLE_DEBUG_INFO = INCLUDE_SOURCE;
				MTL_FAST_MATH = YES;
				ONLY_ACTIVE_ARCH = YES;
				SDKROOT = iphoneos;
				SWIFT_ACTIVE_COMPILATION_CONDITIONS = DEBUG;
				SWIFT_OPTIMIZATION_LEVEL = "-Onone";
			};
			name = Debug;
		};
		C374930D2188D64100D07373 /* Release */ = {
			isa = XCBuildConfiguration;
			buildSettings = {
				ALWAYS_SEARCH_USER_PATHS = NO;
				CLANG_ANALYZER_NONNULL = YES;
				CLANG_ANALYZER_NUMBER_OBJECT_CONVERSION = YES_AGGRESSIVE;
				CLANG_CXX_LANGUAGE_STANDARD = "gnu++14";
				CLANG_CXX_LIBRARY = "libc++";
				CLANG_ENABLE_MODULES = YES;
				CLANG_ENABLE_OBJC_ARC = YES;
				CLANG_ENABLE_OBJC_WEAK = YES;
				CLANG_WARN_BLOCK_CAPTURE_AUTORELEASING = YES;
				CLANG_WARN_BOOL_CONVERSION = YES;
				CLANG_WARN_COMMA = YES;
				CLANG_WARN_CONSTANT_CONVERSION = YES;
				CLANG_WARN_DEPRECATED_OBJC_IMPLEMENTATIONS = YES;
				CLANG_WARN_DIRECT_OBJC_ISA_USAGE = YES_ERROR;
				CLANG_WARN_DOCUMENTATION_COMMENTS = YES;
				CLANG_WARN_EMPTY_BODY = YES;
				CLANG_WARN_ENUM_CONVERSION = YES;
				CLANG_WARN_INFINITE_RECURSION = YES;
				CLANG_WARN_INT_CONVERSION = YES;
				CLANG_WARN_NON_LITERAL_NULL_CONVERSION = YES;
				CLANG_WARN_OBJC_IMPLICIT_RETAIN_SELF = YES;
				CLANG_WARN_OBJC_LITERAL_CONVERSION = YES;
				CLANG_WARN_OBJC_ROOT_CLASS = YES_ERROR;
				CLANG_WARN_RANGE_LOOP_ANALYSIS = YES;
				CLANG_WARN_STRICT_PROTOTYPES = YES;
				CLANG_WARN_SUSPICIOUS_MOVE = YES;
				CLANG_WARN_UNGUARDED_AVAILABILITY = YES_AGGRESSIVE;
				CLANG_WARN_UNREACHABLE_CODE = YES;
				CLANG_WARN__DUPLICATE_METHOD_MATCH = YES;
				CODE_SIGN_IDENTITY = "iPhone Developer";
				COPY_PHASE_STRIP = NO;
				DEBUG_INFORMATION_FORMAT = "dwarf-with-dsym";
				ENABLE_NS_ASSERTIONS = NO;
				ENABLE_STRICT_OBJC_MSGSEND = YES;
				GCC_C_LANGUAGE_STANDARD = gnu11;
				GCC_NO_COMMON_BLOCKS = YES;
				GCC_WARN_64_TO_32_BIT_CONVERSION = YES;
				GCC_WARN_ABOUT_RETURN_TYPE = YES_ERROR;
				GCC_WARN_UNDECLARED_SELECTOR = YES;
				GCC_WARN_UNINITIALIZED_AUTOS = YES_AGGRESSIVE;
				GCC_WARN_UNUSED_FUNCTION = YES;
				GCC_WARN_UNUSED_VARIABLE = YES;
				IPHONEOS_DEPLOYMENT_TARGET = 12.0;
				MTL_ENABLE_DEBUG_INFO = NO;
				MTL_FAST_MATH = YES;
				SDKROOT = iphoneos;
				SWIFT_COMPILATION_MODE = wholemodule;
				SWIFT_OPTIMIZATION_LEVEL = "-O";
				VALIDATE_PRODUCT = YES;
			};
			name = Release;
		};
		C374930F2188D64100D07373 /* Debug */ = {
			isa = XCBuildConfiguration;
			buildSettings = {
				ASSETCATALOG_COMPILER_APPICON_NAME = AppIcon;
				CODE_SIGN_STYLE = Automatic;
				DEVELOPMENT_TEAM = 23QW9JU9DK;
				INFOPLIST_FILE = "$(SRCROOT)/Escores/Resources/Info.plist";
				LD_RUNPATH_SEARCH_PATHS = (
					"$(inherited)",
					"@executable_path/Frameworks",
				);
				PRODUCT_BUNDLE_IDENTIFIER = com.CodyAdcock.Escore;
				PRODUCT_NAME = "$(TARGET_NAME)";
				SWIFT_VERSION = 4.2;
				TARGETED_DEVICE_FAMILY = "1,2";
			};
			name = Debug;
		};
		C37493102188D64100D07373 /* Release */ = {
			isa = XCBuildConfiguration;
			buildSettings = {
				ASSETCATALOG_COMPILER_APPICON_NAME = AppIcon;
				CODE_SIGN_STYLE = Automatic;
				DEVELOPMENT_TEAM = 23QW9JU9DK;
				INFOPLIST_FILE = "$(SRCROOT)/Escores/Resources/Info.plist";
				LD_RUNPATH_SEARCH_PATHS = (
					"$(inherited)",
					"@executable_path/Frameworks",
				);
				PRODUCT_BUNDLE_IDENTIFIER = com.CodyAdcock.Escore;
				PRODUCT_NAME = "$(TARGET_NAME)";
				SWIFT_VERSION = 4.2;
				TARGETED_DEVICE_FAMILY = "1,2";
			};
			name = Release;
		};
/* End XCBuildConfiguration section */

/* Begin XCConfigurationList section */
		C37492F72188D64000D07373 /* Build configuration list for PBXProject "Escores" */ = {
			isa = XCConfigurationList;
			buildConfigurations = (
				C374930C2188D64100D07373 /* Debug */,
				C374930D2188D64100D07373 /* Release */,
			);
			defaultConfigurationIsVisible = 0;
			defaultConfigurationName = Release;
		};
		C374930E2188D64100D07373 /* Build configuration list for PBXNativeTarget "Escores" */ = {
			isa = XCConfigurationList;
			buildConfigurations = (
				C374930F2188D64100D07373 /* Debug */,
				C37493102188D64100D07373 /* Release */,
			);
			defaultConfigurationIsVisible = 0;
			defaultConfigurationName = Release;
		};
/* End XCConfigurationList section */
	};
	rootObject = C37492F42188D64000D07373 /* Project object */;
}
